
Microsoft Visual Studio Solution File, Format Version 12.00
# Visual Studio 15
VisualStudioVersion = 15.0.27428.2002
MinimumVisualStudioVersion = 10.0.40219.1
Project("{FAE04EC0-301F-11D3-BF4B-00C04F79EFBC}") = "alt-trg-ime", "alt-trg-ime\alt-trg-ime.csproj", "{00515793-9AF0-4DAF-A3E7-04D27824B5C3}"
EndProject
Global
	GlobalSection(SolutionConfigurationPlatforms) = preSolution
		Debug|Any CPU = Debug|Any CPU
		Release|Any CPU = Release|Any CPU
	EndGlobalSection
	GlobalSection(ProjectConfigurationPlatforms) = postSolution
		{00515793-9AF0-4DAF-A3E7-04D27824B5C3}.Debug|Any CPU.ActiveCfg = Debug|Any CPU
		{00515793-9AF0-4DAF-A3E7-04D27824B5C3}.Debug|Any CPU.Build.0 = Debug|Any CPU
		{00515793-9AF0-4DAF-A3E7-04D27824B5C3}.Release|Any CPU.ActiveCfg = Release|Any CPU
		{00515793-9AF0-4DAF-A3E7-04D27824B5C3}.Release|Any CPU.Build.0 = Release|Any CPU
	EndGlobalSection
	GlobalSection(SolutionProperties) = preSolution
		HideSolutionNode = FALSE
	EndGlobalSection
	GlobalSection(ExtensibilityGlobals) = postSolution
		SolutionGuid = {F89DBB09-2D14-40F5-ADCA-2344C223E1A1}
	EndGlobalSection
EndGlobal
